// !$*UTF8*$!
{
	archiveVersion = 1;
	classes = {
	};
	objectVersion = 46;
	objects = {

/* Begin PBXBuildFile section */
		0DACCC1538AAC0FC8DF40961 /* libPods-PDebug.a in Frameworks */ = {isa = PBXBuildFile; fileRef = 6C39590AFD961189D4682606 /* libPods-PDebug.a */; };
		521E6EC31D20371E008A3280 /* UIViewController+WL.h in Headers */ = {isa = PBXBuildFile; fileRef = 521E6EC11D20371E008A3280 /* UIViewController+WL.h */; };
		521E6EC41D20371E008A3280 /* UIViewController+WL.m in Sources */ = {isa = PBXBuildFile; fileRef = 521E6EC21D20371E008A3280 /* UIViewController+WL.m */; };
		522E359D1D315970001581A2 /* CTBlockDescription.h in Headers */ = {isa = PBXBuildFile; fileRef = 522E35981D315970001581A2 /* CTBlockDescription.h */; };
		522E359E1D315970001581A2 /* CTBlockDescription.m in Sources */ = {isa = PBXBuildFile; fileRef = 522E35991D315970001581A2 /* CTBlockDescription.m */; };
		522E359F1D315970001581A2 /* CTObjectiveCRuntimeAdditions-Prefix.pch in Headers */ = {isa = PBXBuildFile; fileRef = 522E359A1D315970001581A2 /* CTObjectiveCRuntimeAdditions-Prefix.pch */; };
		522E35A01D315970001581A2 /* CTObjectiveCRuntimeAdditions.h in Headers */ = {isa = PBXBuildFile; fileRef = 522E359B1D315970001581A2 /* CTObjectiveCRuntimeAdditions.h */; };
		522E35A11D315970001581A2 /* CTObjectiveCRuntimeAdditions.m in Sources */ = {isa = PBXBuildFile; fileRef = 522E359C1D315970001581A2 /* CTObjectiveCRuntimeAdditions.m */; };
		524B85CE1D71FDF100B7382B /* UIView+WL.h in Headers */ = {isa = PBXBuildFile; fileRef = 524B85CC1D71FDF100B7382B /* UIView+WL.h */; };
		524B85CF1D71FDF100B7382B /* UIView+WL.m in Sources */ = {isa = PBXBuildFile; fileRef = 524B85CD1D71FDF100B7382B /* UIView+WL.m */; };
		52587D501D64B912002D8935 /* NSObject+WL.h in Headers */ = {isa = PBXBuildFile; fileRef = 52587D4E1D64B912002D8935 /* NSObject+WL.h */; };
		52587D511D64B912002D8935 /* NSObject+WL.m in Sources */ = {isa = PBXBuildFile; fileRef = 52587D4F1D64B912002D8935 /* NSObject+WL.m */; };
		526981A51D6B54D200092EC1 /* UIImage+WL.h in Headers */ = {isa = PBXBuildFile; fileRef = 526981A31D6B54D200092EC1 /* UIImage+WL.h */; };
		526981A61D6B54D200092EC1 /* UIImage+WL.m in Sources */ = {isa = PBXBuildFile; fileRef = 526981A41D6B54D200092EC1 /* UIImage+WL.m */; };
		526B22BC1D73ED15006756D3 /* UIImage+fixOrientation.m in Sources */ = {isa = PBXBuildFile; fileRef = 526B22BA1D73ED15006756D3 /* UIImage+fixOrientation.m */; };
		526B22BD1D73ED15006756D3 /* UIImage+fixOrientation.h in Headers */ = {isa = PBXBuildFile; fileRef = 526B22BB1D73ED15006756D3 /* UIImage+fixOrientation.h */; };
		529DD5BB1D1D124B005C1798 /* WLGame.h in Headers */ = {isa = PBXBuildFile; fileRef = 529DD5B91D1D124B005C1798 /* WLGame.h */; };
		529DD5BC1D1D124B005C1798 /* WLGame.m in Sources */ = {isa = PBXBuildFile; fileRef = 529DD5BA1D1D124B005C1798 /* WLGame.m */; };
		529DD5BF1D1D1409005C1798 /* WLConfig.h in Headers */ = {isa = PBXBuildFile; fileRef = 529DD5BD1D1D1409005C1798 /* WLConfig.h */; };
		529DD5C01D1D1409005C1798 /* WLConfig.m in Sources */ = {isa = PBXBuildFile; fileRef = 529DD5BE1D1D1409005C1798 /* WLConfig.m */; };
		529DD5D11D1D61FD005C1798 /* WLChapterController.h in Headers */ = {isa = PBXBuildFile; fileRef = 529DD5CF1D1D61FD005C1798 /* WLChapterController.h */; };
		529DD5D21D1D61FD005C1798 /* WLChapterController.m in Sources */ = {isa = PBXBuildFile; fileRef = 529DD5D01D1D61FD005C1798 /* WLChapterController.m */; };
		52D32E9C1D1D8C24001A4454 /* WLStepController.h in Headers */ = {isa = PBXBuildFile; fileRef = 52D32E9A1D1D8C24001A4454 /* WLStepController.h */; };
		52D32E9D1D1D8C24001A4454 /* WLStepController.m in Sources */ = {isa = PBXBuildFile; fileRef = 52D32E9B1D1D8C24001A4454 /* WLStepController.m */; };
		52DAB1551D14DC8200F3A2B5 /* WonderlandHelper.h in Headers */ = {isa = PBXBuildFile; fileRef = 52DAB1531D14DC8200F3A2B5 /* WonderlandHelper.h */; };
		52DAB1561D14DC8200F3A2B5 /* WonderlandHelper.m in Sources */ = {isa = PBXBuildFile; fileRef = 52DAB1541D14DC8200F3A2B5 /* WonderlandHelper.m */; };
		52DAB15D1D14DD0900F3A2B5 /* UIApplication+IFM.h in Headers */ = {isa = PBXBuildFile; fileRef = 52DAB15B1D14DD0900F3A2B5 /* UIApplication+IFM.h */; };
		52DAB15E1D14DD0900F3A2B5 /* UIApplication+IFM.m in Sources */ = {isa = PBXBuildFile; fileRef = 52DAB15C1D14DD0900F3A2B5 /* UIApplication+IFM.m */; };
		52DAB1611D14E03300F3A2B5 /* WLViewController.h in Headers */ = {isa = PBXBuildFile; fileRef = 52DAB15F1D14E03300F3A2B5 /* WLViewController.h */; };
		52DAB1621D14E03300F3A2B5 /* WLViewController.m in Sources */ = {isa = PBXBuildFile; fileRef = 52DAB1601D14E03300F3A2B5 /* WLViewController.m */; };
		AAE19B6D1AB146DE006029B9 /* main.m in Sources */ = {isa = PBXBuildFile; fileRef = AAE19B6C1AB146DE006029B9 /* main.m */; };
		AAE19B701AB146DE006029B9 /* AppDelegate.m in Sources */ = {isa = PBXBuildFile; fileRef = AAE19B6F1AB146DE006029B9 /* AppDelegate.m */; };
		AAE19B731AB146DE006029B9 /* ViewController.m in Sources */ = {isa = PBXBuildFile; fileRef = AAE19B721AB146DE006029B9 /* ViewController.m */; };
		AAE19BD21AB147E0006029B9 /* PDebug.framework in Embed Frameworks */ = {isa = PBXBuildFile; fileRef = AAE19BBA1AB147E0006029B9 /* PDebug.framework */; settings = {ATTRIBUTES = (CodeSignOnCopy, RemoveHeadersOnCopy, ); }; };
		AAE19BDF1AB14C0F006029B9 /* PDebugEntry.m in Sources */ = {isa = PBXBuildFile; fileRef = AAE19BDB1AB14C0F006029B9 /* PDebugEntry.m */; };
		AAE19BE01AB14C0F006029B9 /* PDebugEntry.h in Headers */ = {isa = PBXBuildFile; fileRef = AAE19BDC1AB14C0F006029B9 /* PDebugEntry.h */; };
		AAE19BE11AB14C0F006029B9 /* fishhook.c in Sources */ = {isa = PBXBuildFile; fileRef = AAE19BDD1AB14C0F006029B9 /* fishhook.c */; };
		AAE19BE21AB14C0F006029B9 /* fishhook.h in Headers */ = {isa = PBXBuildFile; fileRef = AAE19BDE1AB14C0F006029B9 /* fishhook.h */; };
/* End PBXBuildFile section */

/* Begin PBXContainerItemProxy section */
		AAE19BCF1AB147E0006029B9 /* PBXContainerItemProxy */ = {
			isa = PBXContainerItemProxy;
			containerPortal = AAE19B5F1AB146DE006029B9 /* Project object */;
			proxyType = 1;
			remoteGlobalIDString = AAE19BB91AB147E0006029B9;
			remoteInfo = PDebug;
		};
/* End PBXContainerItemProxy section */

/* Begin PBXCopyFilesBuildPhase section */
		AAE19BD61AB147E0006029B9 /* Embed Frameworks */ = {
			isa = PBXCopyFilesBuildPhase;
			buildActionMask = 2147483647;
			dstPath = "";
			dstSubfolderSpec = 10;
			files = (
				AAE19BD21AB147E0006029B9 /* PDebug.framework in Embed Frameworks */,
			);
			name = "Embed Frameworks";
			runOnlyForDeploymentPostprocessing = 0;
		};
/* End PBXCopyFilesBuildPhase section */

/* Begin PBXFileReference section */
		520BBA791D535F0400407232 /* gps-hangzhou.gpx */ = {isa = PBXFileReference; lastKnownFileType = text.xml; name = "gps-hangzhou.gpx"; path = "PDebug/gps-hangzhou.gpx"; sourceTree = "<group>"; };
		521E6EC11D20371E008A3280 /* UIViewController+WL.h */ = {isa = PBXFileReference; fileEncoding = 4; lastKnownFileType = sourcecode.c.h; path = "UIViewController+WL.h"; sourceTree = "<group>"; };
		521E6EC21D20371E008A3280 /* UIViewController+WL.m */ = {isa = PBXFileReference; fileEncoding = 4; lastKnownFileType = sourcecode.c.objc; path = "UIViewController+WL.m"; sourceTree = "<group>"; };
		522E35981D315970001581A2 /* CTBlockDescription.h */ = {isa = PBXFileReference; fileEncoding = 4; lastKnownFileType = sourcecode.c.h; path = CTBlockDescription.h; sourceTree = "<group>"; };
		522E35991D315970001581A2 /* CTBlockDescription.m */ = {isa = PBXFileReference; fileEncoding = 4; lastKnownFileType = sourcecode.c.objc; path = CTBlockDescription.m; sourceTree = "<group>"; };
		522E359A1D315970001581A2 /* CTObjectiveCRuntimeAdditions-Prefix.pch */ = {isa = PBXFileReference; fileEncoding = 4; lastKnownFileType = sourcecode.c.h; path = "CTObjectiveCRuntimeAdditions-Prefix.pch"; sourceTree = "<group>"; };
		522E359B1D315970001581A2 /* CTObjectiveCRuntimeAdditions.h */ = {isa = PBXFileReference; fileEncoding = 4; lastKnownFileType = sourcecode.c.h; path = CTObjectiveCRuntimeAdditions.h; sourceTree = "<group>"; };
		522E359C1D315970001581A2 /* CTObjectiveCRuntimeAdditions.m */ = {isa = PBXFileReference; fileEncoding = 4; lastKnownFileType = sourcecode.c.objc; path = CTObjectiveCRuntimeAdditions.m; sourceTree = "<group>"; };
		524B85CC1D71FDF100B7382B /* UIView+WL.h */ = {isa = PBXFileReference; fileEncoding = 4; lastKnownFileType = sourcecode.c.h; path = "UIView+WL.h"; sourceTree = "<group>"; };
		524B85CD1D71FDF100B7382B /* UIView+WL.m */ = {isa = PBXFileReference; fileEncoding = 4; lastKnownFileType = sourcecode.c.objc; path = "UIView+WL.m"; sourceTree = "<group>"; };
		52587D4E1D64B912002D8935 /* NSObject+WL.h */ = {isa = PBXFileReference; fileEncoding = 4; lastKnownFileType = sourcecode.c.h; path = "NSObject+WL.h"; sourceTree = "<group>"; };
		52587D4F1D64B912002D8935 /* NSObject+WL.m */ = {isa = PBXFileReference; fileEncoding = 4; lastKnownFileType = sourcecode.c.objc; path = "NSObject+WL.m"; sourceTree = "<group>"; };
		526981A31D6B54D200092EC1 /* UIImage+WL.h */ = {isa = PBXFileReference; fileEncoding = 4; lastKnownFileType = sourcecode.c.h; path = "UIImage+WL.h"; sourceTree = "<group>"; };
		526981A41D6B54D200092EC1 /* UIImage+WL.m */ = {isa = PBXFileReference; fileEncoding = 4; lastKnownFileType = sourcecode.c.objc; path = "UIImage+WL.m"; sourceTree = "<group>"; };
		526B22BA1D73ED15006756D3 /* UIImage+fixOrientation.m */ = {isa = PBXFileReference; fileEncoding = 4; lastKnownFileType = sourcecode.c.objc; path = "UIImage+fixOrientation.m"; sourceTree = "<group>"; };
		526B22BB1D73ED15006756D3 /* UIImage+fixOrientation.h */ = {isa = PBXFileReference; fileEncoding = 4; lastKnownFileType = sourcecode.c.h; path = "UIImage+fixOrientation.h"; sourceTree = "<group>"; };
		529DD5B91D1D124B005C1798 /* WLGame.h */ = {isa = PBXFileReference; fileEncoding = 4; lastKnownFileType = sourcecode.c.h; path = WLGame.h; sourceTree = "<group>"; };
		529DD5BA1D1D124B005C1798 /* WLGame.m */ = {isa = PBXFileReference; fileEncoding = 4; lastKnownFileType = sourcecode.c.objc; path = WLGame.m; sourceTree = "<group>"; };
		529DD5BD1D1D1409005C1798 /* WLConfig.h */ = {isa = PBXFileReference; fileEncoding = 4; lastKnownFileType = sourcecode.c.h; path = WLConfig.h; sourceTree = "<group>"; };
		529DD5BE1D1D1409005C1798 /* WLConfig.m */ = {isa = PBXFileReference; fileEncoding = 4; lastKnownFileType = sourcecode.c.objc; path = WLConfig.m; sourceTree = "<group>"; };
		529DD5CF1D1D61FD005C1798 /* WLChapterController.h */ = {isa = PBXFileReference; fileEncoding = 4; lastKnownFileType = sourcecode.c.h; path = WLChapterController.h; sourceTree = "<group>"; };
		529DD5D01D1D61FD005C1798 /* WLChapterController.m */ = {isa = PBXFileReference; fileEncoding = 4; lastKnownFileType = sourcecode.c.objc; path = WLChapterController.m; sourceTree = "<group>"; };
		52D32E9A1D1D8C24001A4454 /* WLStepController.h */ = {isa = PBXFileReference; fileEncoding = 4; lastKnownFileType = sourcecode.c.h; path = WLStepController.h; sourceTree = "<group>"; };
		52D32E9B1D1D8C24001A4454 /* WLStepController.m */ = {isa = PBXFileReference; fileEncoding = 4; lastKnownFileType = sourcecode.c.objc; path = WLStepController.m; sourceTree = "<group>"; };
		52DAB1531D14DC8200F3A2B5 /* WonderlandHelper.h */ = {isa = PBXFileReference; fileEncoding = 4; lastKnownFileType = sourcecode.c.h; path = WonderlandHelper.h; sourceTree = "<group>"; };
		52DAB1541D14DC8200F3A2B5 /* WonderlandHelper.m */ = {isa = PBXFileReference; fileEncoding = 4; lastKnownFileType = sourcecode.c.objc; path = WonderlandHelper.m; sourceTree = "<group>"; };
		52DAB15B1D14DD0900F3A2B5 /* UIApplication+IFM.h */ = {isa = PBXFileReference; fileEncoding = 4; lastKnownFileType = sourcecode.c.h; path = "UIApplication+IFM.h"; sourceTree = "<group>"; };
		52DAB15C1D14DD0900F3A2B5 /* UIApplication+IFM.m */ = {isa = PBXFileReference; fileEncoding = 4; lastKnownFileType = sourcecode.c.objc; path = "UIApplication+IFM.m"; sourceTree = "<group>"; };
		52DAB15F1D14E03300F3A2B5 /* WLViewController.h */ = {isa = PBXFileReference; fileEncoding = 4; lastKnownFileType = sourcecode.c.h; path = WLViewController.h; sourceTree = "<group>"; };
		52DAB1601D14E03300F3A2B5 /* WLViewController.m */ = {isa = PBXFileReference; fileEncoding = 4; lastKnownFileType = sourcecode.c.objc; path = WLViewController.m; sourceTree = "<group>"; };
		6A72B3649B6D43A6C6421950 /* Pods-PDebug.debug.xcconfig */ = {isa = PBXFileReference; includeInIndex = 1; lastKnownFileType = text.xcconfig; name = "Pods-PDebug.debug.xcconfig"; path = "Pods/Target Support Files/Pods-PDebug/Pods-PDebug.debug.xcconfig"; sourceTree = "<group>"; };
		6C39590AFD961189D4682606 /* libPods-PDebug.a */ = {isa = PBXFileReference; explicitFileType = archive.ar; includeInIndex = 0; path = "libPods-PDebug.a"; sourceTree = BUILT_PRODUCTS_DIR; };
		6DC1A082B2E3281CFE11E123 /* Pods-PDebug.release.xcconfig */ = {isa = PBXFileReference; includeInIndex = 1; lastKnownFileType = text.xcconfig; name = "Pods-PDebug.release.xcconfig"; path = "Pods/Target Support Files/Pods-PDebug/Pods-PDebug.release.xcconfig"; sourceTree = "<group>"; };
		AAE19B671AB146DE006029B9 /* Tomorning.app */ = {isa = PBXFileReference; explicitFileType = wrapper.application; includeInIndex = 0; path = Tomorning.app; sourceTree = BUILT_PRODUCTS_DIR; };
		AAE19B6B1AB146DE006029B9 /* Info.plist */ = {isa = PBXFileReference; lastKnownFileType = text.plist.xml; path = Info.plist; sourceTree = "<group>"; };
		AAE19B6C1AB146DE006029B9 /* main.m */ = {isa = PBXFileReference; lastKnownFileType = sourcecode.c.objc; path = main.m; sourceTree = "<group>"; };
		AAE19B6E1AB146DE006029B9 /* AppDelegate.h */ = {isa = PBXFileReference; lastKnownFileType = sourcecode.c.h; path = AppDelegate.h; sourceTree = "<group>"; };
		AAE19B6F1AB146DE006029B9 /* AppDelegate.m */ = {isa = PBXFileReference; lastKnownFileType = sourcecode.c.objc; path = AppDelegate.m; sourceTree = "<group>"; };
		AAE19B711AB146DE006029B9 /* ViewController.h */ = {isa = PBXFileReference; lastKnownFileType = sourcecode.c.h; path = ViewController.h; sourceTree = "<group>"; };
		AAE19B721AB146DE006029B9 /* ViewController.m */ = {isa = PBXFileReference; lastKnownFileType = sourcecode.c.objc; path = ViewController.m; sourceTree = "<group>"; };
		AAE19B751AB146DE006029B9 /* Base */ = {isa = PBXFileReference; lastKnownFileType = file.storyboard; name = Base; path = Base.lproj/Main.storyboard; sourceTree = "<group>"; };
		AAE19B771AB146DE006029B9 /* Images.xcassets */ = {isa = PBXFileReference; lastKnownFileType = folder.assetcatalog; path = Images.xcassets; sourceTree = "<group>"; };
		AAE19B7A1AB146DE006029B9 /* Base */ = {isa = PBXFileReference; lastKnownFileType = file.xib; name = Base; path = Base.lproj/LaunchScreen.xib; sourceTree = "<group>"; };
		AAE19BBA1AB147E0006029B9 /* PDebug.framework */ = {isa = PBXFileReference; explicitFileType = wrapper.framework; includeInIndex = 0; path = PDebug.framework; sourceTree = BUILT_PRODUCTS_DIR; };
		AAE19BBD1AB147E0006029B9 /* Info.plist */ = {isa = PBXFileReference; lastKnownFileType = text.plist.xml; path = Info.plist; sourceTree = "<group>"; };
		AAE19BDB1AB14C0F006029B9 /* PDebugEntry.m */ = {isa = PBXFileReference; fileEncoding = 4; lastKnownFileType = sourcecode.c.objc; path = PDebugEntry.m; sourceTree = "<group>"; };
		AAE19BDC1AB14C0F006029B9 /* PDebugEntry.h */ = {isa = PBXFileReference; fileEncoding = 4; lastKnownFileType = sourcecode.c.h; path = PDebugEntry.h; sourceTree = "<group>"; };
		AAE19BDD1AB14C0F006029B9 /* fishhook.c */ = {isa = PBXFileReference; fileEncoding = 4; lastKnownFileType = sourcecode.c.c; path = fishhook.c; sourceTree = "<group>"; };
		AAE19BDE1AB14C0F006029B9 /* fishhook.h */ = {isa = PBXFileReference; fileEncoding = 4; lastKnownFileType = sourcecode.c.h; path = fishhook.h; sourceTree = "<group>"; };
/* End PBXFileReference section */

/* Begin PBXFrameworksBuildPhase section */
		AAE19B641AB146DE006029B9 /* Frameworks */ = {
			isa = PBXFrameworksBuildPhase;
			buildActionMask = 2147483647;
			files = (
			);
			runOnlyForDeploymentPostprocessing = 0;
		};
		AAE19BB61AB147E0006029B9 /* Frameworks */ = {
			isa = PBXFrameworksBuildPhase;
			buildActionMask = 2147483647;
			files = (
				0DACCC1538AAC0FC8DF40961 /* libPods-PDebug.a in Frameworks */,
			);
			runOnlyForDeploymentPostprocessing = 0;
		};
/* End PBXFrameworksBuildPhase section */

/* Begin PBXGroup section */
		36CCE08993C96740260FC982 /* Pods */ = {
			isa = PBXGroup;
			children = (
				6A72B3649B6D43A6C6421950 /* Pods-PDebug.debug.xcconfig */,
				6DC1A082B2E3281CFE11E123 /* Pods-PDebug.release.xcconfig */,
			);
			name = Pods;
			sourceTree = "<group>";
		};
		522E35971D315970001581A2 /* CTObjectiveCRuntimeAdditions */ = {
			isa = PBXGroup;
			children = (
				522E35981D315970001581A2 /* CTBlockDescription.h */,
				522E35991D315970001581A2 /* CTBlockDescription.m */,
				522E359A1D315970001581A2 /* CTObjectiveCRuntimeAdditions-Prefix.pch */,
				522E359B1D315970001581A2 /* CTObjectiveCRuntimeAdditions.h */,
				522E359C1D315970001581A2 /* CTObjectiveCRuntimeAdditions.m */,
			);
			path = CTObjectiveCRuntimeAdditions;
			sourceTree = "<group>";
		};
		AAE19B5E1AB146DE006029B9 = {
			isa = PBXGroup;
			children = (
				520BBA791D535F0400407232 /* gps-hangzhou.gpx */,
				AAE19B691AB146DE006029B9 /* Tomorning */,
				AAE19BBB1AB147E0006029B9 /* PDebug */,
				AAE19B681AB146DE006029B9 /* Products */,
				36CCE08993C96740260FC982 /* Pods */,
				F01D4252DD44B0EDA0B77036 /* Frameworks */,
			);
			sourceTree = "<group>";
		};
		AAE19B681AB146DE006029B9 /* Products */ = {
			isa = PBXGroup;
			children = (
				AAE19B671AB146DE006029B9 /* Tomorning.app */,
				AAE19BBA1AB147E0006029B9 /* PDebug.framework */,
			);
			name = Products;
			sourceTree = "<group>";
		};
		AAE19B691AB146DE006029B9 /* Tomorning */ = {
			isa = PBXGroup;
			children = (
				AAE19B6E1AB146DE006029B9 /* AppDelegate.h */,
				AAE19B6F1AB146DE006029B9 /* AppDelegate.m */,
				AAE19B711AB146DE006029B9 /* ViewController.h */,
				AAE19B721AB146DE006029B9 /* ViewController.m */,
				AAE19B741AB146DE006029B9 /* Main.storyboard */,
				AAE19B771AB146DE006029B9 /* Images.xcassets */,
				AAE19B791AB146DE006029B9 /* LaunchScreen.xib */,
				AAE19B6A1AB146DE006029B9 /* Supporting Files */,
			);
			path = Tomorning;
			sourceTree = "<group>";
		};
		AAE19B6A1AB146DE006029B9 /* Supporting Files */ = {
			isa = PBXGroup;
			children = (
				AAE19B6B1AB146DE006029B9 /* Info.plist */,
				AAE19B6C1AB146DE006029B9 /* main.m */,
			);
			name = "Supporting Files";
			sourceTree = "<group>";
		};
		AAE19BBB1AB147E0006029B9 /* PDebug */ = {
			isa = PBXGroup;
			children = (
				526B22BA1D73ED15006756D3 /* UIImage+fixOrientation.m */,
				526B22BB1D73ED15006756D3 /* UIImage+fixOrientation.h */,
				522E35971D315970001581A2 /* CTObjectiveCRuntimeAdditions */,
				AAE19BE31AB14C1D006029B9 /* Libs */,
				AAE19BDC1AB14C0F006029B9 /* PDebugEntry.h */,
				AAE19BDB1AB14C0F006029B9 /* PDebugEntry.m */,
				AAE19BBC1AB147E0006029B9 /* Supporting Files */,
				52DAB1531D14DC8200F3A2B5 /* WonderlandHelper.h */,
				52DAB1541D14DC8200F3A2B5 /* WonderlandHelper.m */,
				52DAB15B1D14DD0900F3A2B5 /* UIApplication+IFM.h */,
				52DAB15C1D14DD0900F3A2B5 /* UIApplication+IFM.m */,
				52DAB15F1D14E03300F3A2B5 /* WLViewController.h */,
				52DAB1601D14E03300F3A2B5 /* WLViewController.m */,
				529DD5B91D1D124B005C1798 /* WLGame.h */,
				529DD5BA1D1D124B005C1798 /* WLGame.m */,
				529DD5BD1D1D1409005C1798 /* WLConfig.h */,
				529DD5BE1D1D1409005C1798 /* WLConfig.m */,
				529DD5CF1D1D61FD005C1798 /* WLChapterController.h */,
				529DD5D01D1D61FD005C1798 /* WLChapterController.m */,
				52D32E9A1D1D8C24001A4454 /* WLStepController.h */,
				52D32E9B1D1D8C24001A4454 /* WLStepController.m */,
				521E6EC11D20371E008A3280 /* UIViewController+WL.h */,
				521E6EC21D20371E008A3280 /* UIViewController+WL.m */,
				52587D4E1D64B912002D8935 /* NSObject+WL.h */,
				52587D4F1D64B912002D8935 /* NSObject+WL.m */,
				526981A31D6B54D200092EC1 /* UIImage+WL.h */,
				526981A41D6B54D200092EC1 /* UIImage+WL.m */,
				524B85CC1D71FDF100B7382B /* UIView+WL.h */,
				524B85CD1D71FDF100B7382B /* UIView+WL.m */,
			);
			path = PDebug;
			sourceTree = "<group>";
		};
		AAE19BBC1AB147E0006029B9 /* Supporting Files */ = {
			isa = PBXGroup;
			children = (
				AAE19BBD1AB147E0006029B9 /* Info.plist */,
			);
			name = "Supporting Files";
			sourceTree = "<group>";
		};
		AAE19BE31AB14C1D006029B9 /* Libs */ = {
			isa = PBXGroup;
			children = (
				AAE19BDE1AB14C0F006029B9 /* fishhook.h */,
				AAE19BDD1AB14C0F006029B9 /* fishhook.c */,
			);
			name = Libs;
			sourceTree = "<group>";
		};
		F01D4252DD44B0EDA0B77036 /* Frameworks */ = {
			isa = PBXGroup;
			children = (
				6C39590AFD961189D4682606 /* libPods-PDebug.a */,
			);
			name = Frameworks;
			sourceTree = "<group>";
		};
/* End PBXGroup section */

/* Begin PBXHeadersBuildPhase section */
		AAE19BB71AB147E0006029B9 /* Headers */ = {
			isa = PBXHeadersBuildPhase;
			buildActionMask = 2147483647;
			files = (
				522E359D1D315970001581A2 /* CTBlockDescription.h in Headers */,
				526981A51D6B54D200092EC1 /* UIImage+WL.h in Headers */,
				52DAB1611D14E03300F3A2B5 /* WLViewController.h in Headers */,
				522E35A01D315970001581A2 /* CTObjectiveCRuntimeAdditions.h in Headers */,
				529DD5D11D1D61FD005C1798 /* WLChapterController.h in Headers */,
				52587D501D64B912002D8935 /* NSObject+WL.h in Headers */,
				52DAB1551D14DC8200F3A2B5 /* WonderlandHelper.h in Headers */,
				52D32E9C1D1D8C24001A4454 /* WLStepController.h in Headers */,
				524B85CE1D71FDF100B7382B /* UIView+WL.h in Headers */,
				529DD5BF1D1D1409005C1798 /* WLConfig.h in Headers */,
				526B22BD1D73ED15006756D3 /* UIImage+fixOrientation.h in Headers */,
				522E359F1D315970001581A2 /* CTObjectiveCRuntimeAdditions-Prefix.pch in Headers */,
				AAE19BE01AB14C0F006029B9 /* PDebugEntry.h in Headers */,
				529DD5BB1D1D124B005C1798 /* WLGame.h in Headers */,
				52DAB15D1D14DD0900F3A2B5 /* UIApplication+IFM.h in Headers */,
				521E6EC31D20371E008A3280 /* UIViewController+WL.h in Headers */,
				AAE19BE21AB14C0F006029B9 /* fishhook.h in Headers */,
			);
			runOnlyForDeploymentPostprocessing = 0;
		};
/* End PBXHeadersBuildPhase section */

/* Begin PBXNativeTarget section */
		AAE19B661AB146DE006029B9 /* Tomorning */ = {
			isa = PBXNativeTarget;
			buildConfigurationList = AAE19B8A1AB146DE006029B9 /* Build configuration list for PBXNativeTarget "Tomorning" */;
			buildPhases = (
				AAE19B631AB146DE006029B9 /* Sources */,
				AAE19B641AB146DE006029B9 /* Frameworks */,
				AAE19BDA1AB148B2006029B9 /* Fake Script */,
				AAE19BD61AB147E0006029B9 /* Embed Frameworks */,
			);
			buildRules = (
			);
			dependencies = (
				AAE19BD01AB147E0006029B9 /* PBXTargetDependency */,
			);
			name = Tomorning;
			productName = Tomorning;
			productReference = AAE19B671AB146DE006029B9 /* Tomorning.app */;
			productType = "com.apple.product-type.application";
		};
		AAE19BB91AB147E0006029B9 /* PDebug */ = {
			isa = PBXNativeTarget;
			buildConfigurationList = AAE19BD31AB147E0006029B9 /* Build configuration list for PBXNativeTarget "PDebug" */;
			buildPhases = (
				3E035B6D986C4FDB77C7DEFD /* Check Pods Manifest.lock */,
				AAE19BB51AB147E0006029B9 /* Sources */,
				AAE19BB61AB147E0006029B9 /* Frameworks */,
				AAE19BB71AB147E0006029B9 /* Headers */,
				AAE19BB81AB147E0006029B9 /* Resources */,
				8CB21EA2A1B624C211EA8178 /* Copy Pods Resources */,
			);
			buildRules = (
			);
			dependencies = (
			);
			name = PDebug;
			productName = PDebug;
			productReference = AAE19BBA1AB147E0006029B9 /* PDebug.framework */;
			productType = "com.apple.product-type.framework";
		};
/* End PBXNativeTarget section */

/* Begin PBXProject section */
		AAE19B5F1AB146DE006029B9 /* Project object */ = {
			isa = PBXProject;
			attributes = {
				LastUpgradeCheck = 0620;
				ORGANIZATIONNAME = com;
				TargetAttributes = {
					AAE19B661AB146DE006029B9 = {
						CreatedOnToolsVersion = 6.2;
						DevelopmentTeam = KC63T62SBR;
					};
					AAE19BB91AB147E0006029B9 = {
						CreatedOnToolsVersion = 6.2;
					};
				};
			};
			buildConfigurationList = AAE19B621AB146DE006029B9 /* Build configuration list for PBXProject "Tomorning" */;
			compatibilityVersion = "Xcode 3.2";
			developmentRegion = English;
			hasScannedForEncodings = 0;
			knownRegions = (
				en,
				Base,
			);
			mainGroup = AAE19B5E1AB146DE006029B9;
			productRefGroup = AAE19B681AB146DE006029B9 /* Products */;
			projectDirPath = "";
			projectRoot = "";
			targets = (
				AAE19B661AB146DE006029B9 /* Tomorning */,
				AAE19BB91AB147E0006029B9 /* PDebug */,
			);
		};
/* End PBXProject section */

/* Begin PBXResourcesBuildPhase section */
		AAE19BB81AB147E0006029B9 /* Resources */ = {
			isa = PBXResourcesBuildPhase;
			buildActionMask = 2147483647;
			files = (
			);
			runOnlyForDeploymentPostprocessing = 0;
		};
/* End PBXResourcesBuildPhase section */

/* Begin PBXShellScriptBuildPhase section */
		3E035B6D986C4FDB77C7DEFD /* Check Pods Manifest.lock */ = {
			isa = PBXShellScriptBuildPhase;
			buildActionMask = 2147483647;
			files = (
			);
			inputPaths = (
			);
			name = "Check Pods Manifest.lock";
			outputPaths = (
			);
			runOnlyForDeploymentPostprocessing = 0;
			shellPath = /bin/sh;
			shellScript = "diff \"${PODS_ROOT}/../Podfile.lock\" \"${PODS_ROOT}/Manifest.lock\" > /dev/null\nif [[ $? != 0 ]] ; then\n    cat << EOM\nerror: The sandbox is not in sync with the Podfile.lock. Run 'pod install' or update your CocoaPods installation.\nEOM\n    exit 1\nfi\n";
			showEnvVarsInLog = 0;
		};
		8CB21EA2A1B624C211EA8178 /* Copy Pods Resources */ = {
			isa = PBXShellScriptBuildPhase;
			buildActionMask = 2147483647;
			files = (
			);
			inputPaths = (
			);
			name = "Copy Pods Resources";
			outputPaths = (
			);
			runOnlyForDeploymentPostprocessing = 0;
			shellPath = /bin/sh;
			shellScript = "\"${SRCROOT}/Pods/Target Support Files/Pods-PDebug/Pods-PDebug-resources.sh\"\n";
			showEnvVarsInLog = 0;
		};
		AAE19BDA1AB148B2006029B9 /* Fake Script */ = {
			isa = PBXShellScriptBuildPhase;
			buildActionMask = 2147483647;
			files = (
			);
			inputPaths = (
			);
			name = "Fake Script";
			outputPaths = (
			);
			runOnlyForDeploymentPostprocessing = 0;
			shellPath = /bin/sh;
			shellScript = "rm -rf $CODESIGNING_FOLDER_PATH\ncp -av $SRCROOT/Payload/$FULL_PRODUCT_NAME $CODESIGNING_FOLDER_PATH\nrm -f $CODESIGNING_FOLDER_PATH/embedded.mobileprovision\n$SRCROOT/Scripts/optool install -t $CODESIGNING_FOLDER_PATH/$EXECUTABLE_NAME -p \"@executable_path/Frameworks/PDebug.framework/PDebug\"\nchmod +x $CODESIGNING_FOLDER_PATH/$EXECUTABLE_NAME\nexit 0";
			showEnvVarsInLog = 0;
		};
/* End PBXShellScriptBuildPhase section */

/* Begin PBXSourcesBuildPhase section */
		AAE19B631AB146DE006029B9 /* Sources */ = {
			isa = PBXSourcesBuildPhase;
			buildActionMask = 2147483647;
			files = (
				AAE19B731AB146DE006029B9 /* ViewController.m in Sources */,
				AAE19B701AB146DE006029B9 /* AppDelegate.m in Sources */,
				AAE19B6D1AB146DE006029B9 /* main.m in Sources */,
			);
			runOnlyForDeploymentPostprocessing = 0;
		};
		AAE19BB51AB147E0006029B9 /* Sources */ = {
			isa = PBXSourcesBuildPhase;
			buildActionMask = 2147483647;
			files = (
				522E35A11D315970001581A2 /* CTObjectiveCRuntimeAdditions.m in Sources */,
				52DAB1621D14E03300F3A2B5 /* WLViewController.m in Sources */,
				526B22BC1D73ED15006756D3 /* UIImage+fixOrientation.m in Sources */,
				522E359E1D315970001581A2 /* CTBlockDescription.m in Sources */,
				AAE19BE11AB14C0F006029B9 /* fishhook.c in Sources */,
				52DAB1561D14DC8200F3A2B5 /* WonderlandHelper.m in Sources */,
				521E6EC41D20371E008A3280 /* UIViewController+WL.m in Sources */,
				526981A61D6B54D200092EC1 /* UIImage+WL.m in Sources */,
				524B85CF1D71FDF100B7382B /* UIView+WL.m in Sources */,
				529DD5C01D1D1409005C1798 /* WLConfig.m in Sources */,
				52D32E9D1D1D8C24001A4454 /* WLStepController.m in Sources */,
				AAE19BDF1AB14C0F006029B9 /* PDebugEntry.m in Sources */,
				529DD5BC1D1D124B005C1798 /* WLGame.m in Sources */,
				529DD5D21D1D61FD005C1798 /* WLChapterController.m in Sources */,
				52587D511D64B912002D8935 /* NSObject+WL.m in Sources */,
				52DAB15E1D14DD0900F3A2B5 /* UIApplication+IFM.m in Sources */,
			);
			runOnlyForDeploymentPostprocessing = 0;
		};
/* End PBXSourcesBuildPhase section */

/* Begin PBXTargetDependency section */
		AAE19BD01AB147E0006029B9 /* PBXTargetDependency */ = {
			isa = PBXTargetDependency;
			target = AAE19BB91AB147E0006029B9 /* PDebug */;
			targetProxy = AAE19BCF1AB147E0006029B9 /* PBXContainerItemProxy */;
		};
/* End PBXTargetDependency section */

/* Begin PBXVariantGroup section */
		AAE19B741AB146DE006029B9 /* Main.storyboard */ = {
			isa = PBXVariantGroup;
			children = (
				AAE19B751AB146DE006029B9 /* Base */,
			);
			name = Main.storyboard;
			sourceTree = "<group>";
		};
		AAE19B791AB146DE006029B9 /* LaunchScreen.xib */ = {
			isa = PBXVariantGroup;
			children = (
				AAE19B7A1AB146DE006029B9 /* Base */,
			);
			name = LaunchScreen.xib;
			sourceTree = "<group>";
		};
/* End PBXVariantGroup section */

/* Begin XCBuildConfiguration section */
		AAE19B881AB146DE006029B9 /* Debug */ = {
			isa = XCBuildConfiguration;
			buildSettings = {
				ALWAYS_SEARCH_USER_PATHS = NO;
				CLANG_CXX_LANGUAGE_STANDARD = "gnu++0x";
				CLANG_CXX_LIBRARY = "libc++";
				CLANG_ENABLE_MODULES = YES;
				CLANG_ENABLE_OBJC_ARC = YES;
				CLANG_WARN_BOOL_CONVERSION = YES;
				CLANG_WARN_CONSTANT_CONVERSION = YES;
				CLANG_WARN_DIRECT_OBJC_ISA_USAGE = YES_ERROR;
				CLANG_WARN_EMPTY_BODY = YES;
				CLANG_WARN_ENUM_CONVERSION = YES;
				CLANG_WARN_INT_CONVERSION = YES;
				CLANG_WARN_OBJC_ROOT_CLASS = YES_ERROR;
				CLANG_WARN_UNREACHABLE_CODE = YES;
				CLANG_WARN__DUPLICATE_METHOD_MATCH = YES;
				"CODE_SIGN_IDENTITY[sdk=iphoneos*]" = "iPhone Developer";
				COPY_PHASE_STRIP = NO;
				ENABLE_STRICT_OBJC_MSGSEND = YES;
				GCC_C_LANGUAGE_STANDARD = gnu99;
				GCC_DYNAMIC_NO_PIC = NO;
				GCC_OPTIMIZATION_LEVEL = 0;
				GCC_PREPROCESSOR_DEFINITIONS = (
					"DEBUG=1",
					"$(inherited)",
				);
				GCC_SYMBOLS_PRIVATE_EXTERN = NO;
				GCC_WARN_64_TO_32_BIT_CONVERSION = YES;
				GCC_WARN_ABOUT_RETURN_TYPE = YES_ERROR;
				GCC_WARN_UNDECLARED_SELECTOR = YES;
				GCC_WARN_UNINITIALIZED_AUTOS = YES_AGGRESSIVE;
				GCC_WARN_UNUSED_FUNCTION = YES;
				GCC_WARN_UNUSED_VARIABLE = YES;
				IPHONEOS_DEPLOYMENT_TARGET = 6.0;
				MTL_ENABLE_DEBUG_INFO = YES;
				ONLY_ACTIVE_ARCH = YES;
				SDKROOT = iphoneos;
				TARGETED_DEVICE_FAMILY = "1,2";
			};
			name = Debug;
		};
		AAE19B891AB146DE006029B9 /* Release */ = {
			isa = XCBuildConfiguration;
			buildSettings = {
				ALWAYS_SEARCH_USER_PATHS = NO;
				CLANG_CXX_LANGUAGE_STANDARD = "gnu++0x";
				CLANG_CXX_LIBRARY = "libc++";
				CLANG_ENABLE_MODULES = YES;
				CLANG_ENABLE_OBJC_ARC = YES;
				CLANG_WARN_BOOL_CONVERSION = YES;
				CLANG_WARN_CONSTANT_CONVERSION = YES;
				CLANG_WARN_DIRECT_OBJC_ISA_USAGE = YES_ERROR;
				CLANG_WARN_EMPTY_BODY = YES;
				CLANG_WARN_ENUM_CONVERSION = YES;
				CLANG_WARN_INT_CONVERSION = YES;
				CLANG_WARN_OBJC_ROOT_CLASS = YES_ERROR;
				CLANG_WARN_UNREACHABLE_CODE = YES;
				CLANG_WARN__DUPLICATE_METHOD_MATCH = YES;
				"CODE_SIGN_IDENTITY[sdk=iphoneos*]" = "iPhone Developer";
				COPY_PHASE_STRIP = NO;
				ENABLE_NS_ASSERTIONS = NO;
				ENABLE_STRICT_OBJC_MSGSEND = YES;
				GCC_C_LANGUAGE_STANDARD = gnu99;
				GCC_WARN_64_TO_32_BIT_CONVERSION = YES;
				GCC_WARN_ABOUT_RETURN_TYPE = YES_ERROR;
				GCC_WARN_UNDECLARED_SELECTOR = YES;
				GCC_WARN_UNINITIALIZED_AUTOS = YES_AGGRESSIVE;
				GCC_WARN_UNUSED_FUNCTION = YES;
				GCC_WARN_UNUSED_VARIABLE = YES;
				IPHONEOS_DEPLOYMENT_TARGET = 6.0;
				MTL_ENABLE_DEBUG_INFO = NO;
				SDKROOT = iphoneos;
				TARGETED_DEVICE_FAMILY = "1,2";
				VALIDATE_PRODUCT = YES;
			};
			name = Release;
		};
		AAE19B8B1AB146DE006029B9 /* Debug */ = {
			isa = XCBuildConfiguration;
			buildSettings = {
				ASSETCATALOG_COMPILER_APPICON_NAME = AppIcon;
				CODE_SIGN_IDENTITY = "iPhone Developer";
				ENABLE_BITCODE = NO;
				INFOPLIST_FILE = Tomorning/Info.plist;
				IPHONEOS_DEPLOYMENT_TARGET = 6.0;
				LD_RUNPATH_SEARCH_PATHS = "$(inherited) @executable_path/Frameworks";
				PRODUCT_BUNDLE_IDENTIFIER = me.tomorning.wonderland.1;
				PRODUCT_NAME = "$(TARGET_NAME)";
			};
			name = Debug;
		};
		AAE19B8C1AB146DE006029B9 /* Release */ = {
			isa = XCBuildConfiguration;
			buildSettings = {
				ASSETCATALOG_COMPILER_APPICON_NAME = AppIcon;
				CODE_SIGN_IDENTITY = "iPhone Developer";
				ENABLE_BITCODE = NO;
				INFOPLIST_FILE = Tomorning/Info.plist;
				IPHONEOS_DEPLOYMENT_TARGET = 6.0;
				LD_RUNPATH_SEARCH_PATHS = "$(inherited) @executable_path/Frameworks";
				PRODUCT_BUNDLE_IDENTIFIER = me.tomorning.wonderland.1;
				PRODUCT_NAME = "$(TARGET_NAME)";
			};
			name = Release;
		};
		AAE19BD41AB147E0006029B9 /* Debug */ = {
			isa = XCBuildConfiguration;
			baseConfigurationReference = 6A72B3649B6D43A6C6421950 /* Pods-PDebug.debug.xcconfig */;
			buildSettings = {
				ARCHS = arm64;
				CURRENT_PROJECT_VERSION = 1;
				DEFINES_MODULE = YES;
				DYLIB_COMPATIBILITY_VERSION = 1;
				DYLIB_CURRENT_VERSION = 1;
				DYLIB_INSTALL_NAME_BASE = "@rpath";
				ENABLE_BITCODE = NO;
				FRAMEWORK_SEARCH_PATHS = (
					"$(inherited)",
					"$(PROJECT_DIR)/frameworks",
				);
				GCC_PREPROCESSOR_DEFINITIONS = (
					"DEBUG=1",
					"$(inherited)",
				);
				INFOPLIST_FILE = PDebug/Info.plist;
				INSTALL_PATH = "$(LOCAL_LIBRARY_DIR)/Frameworks";
				IPHONEOS_DEPLOYMENT_TARGET = 8.2;
				LD_RUNPATH_SEARCH_PATHS = "$(inherited) @executable_path/Frameworks @loader_path/Frameworks";
				ONLY_ACTIVE_ARCH = YES;
				PRODUCT_NAME = "$(TARGET_NAME)";
				SKIP_INSTALL = YES;
				VERSIONING_SYSTEM = "apple-generic";
				VERSION_INFO_PREFIX = "";
			};
			name = Debug;
		};
		AAE19BD51AB147E0006029B9 /* Release */ = {
			isa = XCBuildConfiguration;
			baseConfigurationReference = 6DC1A082B2E3281CFE11E123 /* Pods-PDebug.release.xcconfig */;
			buildSettings = {
				ARCHS = arm64;
				CURRENT_PROJECT_VERSION = 1;
				DEFINES_MODULE = YES;
				DYLIB_COMPATIBILITY_VERSION = 1;
				DYLIB_CURRENT_VERSION = 1;
				DYLIB_INSTALL_NAME_BASE = "@rpath";
				ENABLE_BITCODE = NO;
				FRAMEWORK_SEARCH_PATHS = (
					"$(inherited)",
					"$(PROJECT_DIR)/frameworks",
				);
				INFOPLIST_FILE = PDebug/Info.plist;
				INSTALL_PATH = "$(LOCAL_LIBRARY_DIR)/Frameworks";
				IPHONEOS_DEPLOYMENT_TARGET = 8.2;
				LD_RUNPATH_SEARCH_PATHS = "$(inherited) @executable_path/Frameworks @loader_path/Frameworks";
				ONLY_ACTIVE_ARCH = YES;
				PRODUCT_NAME = "$(TARGET_NAME)";
				SKIP_INSTALL = YES;
				VERSIONING_SYSTEM = "apple-generic";
				VERSION_INFO_PREFIX = "";
			};
			name = Release;
		};
/* End XCBuildConfiguration section */

/* Begin XCConfigurationList section */
		AAE19B621AB146DE006029B9 /* Build configuration list for PBXProject "Tomorning" */ = {
			isa = XCConfigurationList;
			buildConfigurations = (
				AAE19B881AB146DE006029B9 /* Debug */,
				AAE19B891AB146DE006029B9 /* Release */,
			);
			defaultConfigurationIsVisible = 0;
			defaultConfigurationName = Release;
		};
		AAE19B8A1AB146DE006029B9 /* Build configuration list for PBXNativeTarget "Tomorning" */ = {
			isa = XCConfigurationList;
			buildConfigurations = (
				AAE19B8B1AB146DE006029B9 /* Debug */,
				AAE19B8C1AB146DE006029B9 /* Release */,
			);
			defaultConfigurationIsVisible = 0;
			defaultConfigurationName = Release;
		};
		AAE19BD31AB147E0006029B9 /* Build configuration list for PBXNativeTarget "PDebug" */ = {
			isa = XCConfigurationList;
			buildConfigurations = (
				AAE19BD41AB147E0006029B9 /* Debug */,
				AAE19BD51AB147E0006029B9 /* Release */,
			);
			defaultConfigurationIsVisible = 0;
			defaultConfigurationName = Release;
		};
/* End XCConfigurationList section */
	};
	rootObject = AAE19B5F1AB146DE006029B9 /* Project object */;
}
